{
  "originHash" : "1ed690883ac30077b2747e9768eb7277b25341beddf8611c2553a3406b1fc090",
  "pins" : [
    {
      "identity" : "kingfisher",
      "kind" : "remoteSourceControl",
      "location" : "https://github.com/onevcat/Kingfisher",
      "state" : {
        "revision" : "c0940e241945e6378c01fbd45fd3815579d47ef5",
        "version" : "8.1.0"
      }
    },
    {
      "identity" : "ktquickstruct",
      "kind" : "remoteSourceControl",
      "location" : "https://github.com/TaoOrz/KTQuickStruct",
      "state" : {
        "revision" : "ea7252a49d793d553f37af4fd4b9d97b3e6cb3e6",
        "version" : "1.0.1"
      }
    },
    {
      "identity" : "snapkit",
      "kind" : "remoteSourceControl",
      "location" : "https://github.com/SnapKit/SnapKit",
      "state" : {
        "revision" : "e74fe2a978d1216c3602b129447c7301573cc2d8",
        "version" : "5.7.0"
      }
    }
  ],
  "version" : 3
}
